// !$*UTF8*$!
{
	archiveVersion = 1;
	classes = {
	};
	objectVersion = 56;
	objects = {

/* Begin PBXBuildFile section */
		E408FE342B9BA3900087EDBA /* AppDelegate.swift in Sources */ = {isa = PBXBuildFile; fileRef = E408FE332B9BA3900087EDBA /* AppDelegate.swift */; };
		E408FE362B9BA3900087EDBA /* SceneDelegate.swift in Sources */ = {isa = PBXBuildFile; fileRef = E408FE352B9BA3900087EDBA /* SceneDelegate.swift */; };
		E408FE382B9BA3900087EDBA /* ViewController.swift in Sources */ = {isa = PBXBuildFile; fileRef = E408FE372B9BA3900087EDBA /* ViewController.swift */; };
		E408FE3B2B9BA3900087EDBA /* Base in Resources */ = {isa = PBXBuildFile; fileRef = E408FE3A2B9BA3900087EDBA /* Base */; };
		E408FE3D2B9BA3910087EDBA /* Assets.xcassets in Resources */ = {isa = PBXBuildFile; fileRef = E408FE3C2B9BA3910087EDBA /* Assets.xcassets */; };
		E408FE402B9BA3910087EDBA /* Base in Resources */ = {isa = PBXBuildFile; fileRef = E408FE3F2B9BA3910087EDBA /* Base */; };
		E489DA3F2B9BD9BB00EDEC49 /* Jokes.swift in Sources */ = {isa = PBXBuildFile; fileRef = E489DA3E2B9BD9BB00EDEC49 /* Jokes.swift */; };
		E489DA462B9BDF9300EDEC49 /* Manager.swift in Sources */ = {isa = PBXBuildFile; fileRef = E489DA452B9BDF9300EDEC49 /* Manager.swift */; };
/* End PBXBuildFile section */

/* Begin PBXFileReference section */
		E408FE302B9BA3900087EDBA /* Network-Request.app */ = {isa = PBXFileReference; explicitFileType = wrapper.application; includeInIndex = 0; path = "Network-Request.app"; sourceTree = BUILT_PRODUCTS_DIR; };
		E408FE332B9BA3900087EDBA /* AppDelegate.swift */ = {isa = PBXFileReference; lastKnownFileType = sourcecode.swift; path = AppDelegate.swift; sourceTree = "<group>"; };
		E408FE352B9BA3900087EDBA /* SceneDelegate.swift */ = {isa = PBXFileReference; lastKnownFileType = sourcecode.swift; path = SceneDelegate.swift; sourceTree = "<group>"; };
		E408FE372B9BA3900087EDBA /* ViewController.swift */ = {isa = PBXFileReference; lastKnownFileType = sourcecode.swift; path = ViewController.swift; sourceTree = "<group>"; };
		E408FE3A2B9BA3900087EDBA /* Base */ = {isa = PBXFileReference; lastKnownFileType = file.storyboard; name = Base; path = Base.lproj/Main.storyboard; sourceTree = "<group>"; };
		E408FE3C2B9BA3910087EDBA /* Assets.xcassets */ = {isa = PBXFileReference; lastKnownFileType = folder.assetcatalog; path = Assets.xcassets; sourceTree = "<group>"; };
		E408FE3F2B9BA3910087EDBA /* Base */ = {isa = PBXFileReference; lastKnownFileType = file.storyboard; name = Base; path = Base.lproj/LaunchScreen.storyboard; sourceTree = "<group>"; };
		E408FE412B9BA3910087EDBA /* Info.plist */ = {isa = PBXFileReference; lastKnownFileType = text.plist.xml; path = Info.plist; sourceTree = "<group>"; };
		E489DA3E2B9BD9BB00EDEC49 /* Jokes.swift */ = {isa = PBXFileReference; lastKnownFileType = sourcecode.swift; path = Jokes.swift; sourceTree = "<group>"; };
		E489DA452B9BDF9300EDEC49 /* Manager.swift */ = {isa = PBXFileReference; lastKnownFileType = sourcecode.swift; path = Manager.swift; sourceTree = "<group>"; };
/* End PBXFileReference section */

/* Begin PBXFrameworksBuildPhase section */
		E408FE2D2B9BA3900087EDBA /* Frameworks */ = {
			isa = PBXFrameworksBuildPhase;
			buildActionMask = 2147483647;
			files = (
			);
			runOnlyForDeploymentPostprocessing = 0;
		};
/* End PBXFrameworksBuildPhase section */

/* Begin PBXGroup section */
		E408FE272B9BA3900087EDBA = {
			isa = PBXGroup;
			children = (
				E408FE322B9BA3900087EDBA /* Network-Request */,
				E408FE312B9BA3900087EDBA /* Products */,
			);
			sourceTree = "<group>";
		};
		E408FE312B9BA3900087EDBA /* Products */ = {
			isa = PBXGroup;
			children = (
				E408FE302B9BA3900087EDBA /* Network-Request.app */,
			);
			name = Products;
			sourceTree = "<group>";
		};
		E408FE322B9BA3900087EDBA /* Network-Request */ = {
			isa = PBXGroup;
			children = (
				E408FE332B9BA3900087EDBA /* AppDelegate.swift */,
				E408FE352B9BA3900087EDBA /* SceneDelegate.swift */,
				E408FE372B9BA3900087EDBA /* ViewController.swift */,
				E408FE392B9BA3900087EDBA /* Main.storyboard */,
				E408FE3C2B9BA3910087EDBA /* Assets.xcassets */,
				E408FE3E2B9BA3910087EDBA /* LaunchScreen.storyboard */,
				E408FE412B9BA3910087EDBA /* Info.plist */,
				E489DA412B9BDF4200EDEC49 /* Network */,
				E489DA402B9BDF1100EDEC49 /* Jokes */,
			);
			path = "Network-Request";
			sourceTree = "<group>";
		};
		E489DA402B9BDF1100EDEC49 /* Jokes */ = {
			isa = PBXGroup;
			children = (
				E489DA3E2B9BD9BB00EDEC49 /* Jokes.swift */,
			);
			path = Jokes;
			sourceTree = "<group>";
		};
		E489DA412B9BDF4200EDEC49 /* Network */ = {
			isa = PBXGroup;
			children = (
				E489DA432B9BDF5D00EDEC49 /* Services */,
				E489DA422B9BDF5800EDEC49 /* Models */,
			);
			path = Network;
			sourceTree = "<group>";
		};
		E489DA422B9BDF5800EDEC49 /* Models */ = {
			isa = PBXGroup;
			children = (
			);
			path = Models;
			sourceTree = "<group>";
		};
		E489DA432B9BDF5D00EDEC49 /* Services */ = {
			isa = PBXGroup;
			children = (
				E489DA452B9BDF9300EDEC49 /* Manager.swift */,
			);
			path = Services;
			sourceTree = "<group>";
		};
/* End PBXGroup section */

/* Begin PBXNativeTarget section */
		E408FE2F2B9BA3900087EDBA /* Network-Request */ = {
			isa = PBXNativeTarget;
			buildConfigurationList = E408FE442B9BA3910087EDBA /* Build configuration list for PBXNativeTarget "Network-Request" */;
			buildPhases = (
				E408FE2C2B9BA3900087EDBA /* Sources */,
				E408FE2D2B9BA3900087EDBA /* Frameworks */,
				E408FE2E2B9BA3900087EDBA /* Resources */,
			);
			buildRules = (
			);
			dependencies = (
			);
			name = "Network-Request";
			productName = "Network-Request";
			productReference = E408FE302B9BA3900087EDBA /* Network-Request.app */;
			productType = "com.apple.product-type.application";
		};
/* End PBXNativeTarget section */

/* Begin PBXProject section */
		E408FE282B9BA3900087EDBA /* Project object */ = {
			isa = PBXProject;
			attributes = {
				BuildIndependentTargetsInParallel = 1;
				LastSwiftUpdateCheck = 1530;
				LastUpgradeCheck = 1530;
				TargetAttributes = {
					E408FE2F2B9BA3900087EDBA = {
						CreatedOnToolsVersion = 15.3;
					};
				};
			};
			buildConfigurationList = E408FE2B2B9BA3900087EDBA /* Build configuration list for PBXProject "Network-Request" */;
			compatibilityVersion = "Xcode 14.0";
			developmentRegion = en;
			hasScannedForEncodings = 0;
			knownRegions = (
				en,
				Base,
			);
			mainGroup = E408FE272B9BA3900087EDBA;
			productRefGroup = E408FE312B9BA3900087EDBA /* Products */;
			projectDirPath = "";
			projectRoot = "";
			targets = (
				E408FE2F2B9BA3900087EDBA /* Network-Request */,
			);
		};
/* End PBXProject section */

/* Begin PBXResourcesBuildPhase section */
		E408FE2E2B9BA3900087EDBA /* Resources */ = {
			isa = PBXResourcesBuildPhase;
			buildActionMask = 2147483647;
			files = (
				E408FE3D2B9BA3910087EDBA /* Assets.xcassets in Resources */,
				E408FE402B9BA3910087EDBA /* Base in Resources */,
				E408FE3B2B9BA3900087EDBA /* Base in Resources */,
			);
			runOnlyForDeploymentPostprocessing = 0;
		};
/* End PBXResourcesBuildPhase section */

/* Begin PBXSourcesBuildPhase section */
		E408FE2C2B9BA3900087EDBA /* Sources */ = {
			isa = PBXSourcesBuildPhase;
			buildActionMask = 2147483647;
			files = (
				E408FE382B9BA3900087EDBA /* ViewController.swift in Sources */,
				E408FE342B9BA3900087EDBA /* AppDelegate.swift in Sources */,
				E489DA3F2B9BD9BB00EDEC49 /* Jokes.swift in Sources */,
				E408FE362B9BA3900087EDBA /* SceneDelegate.swift in Sources */,
				E489DA462B9BDF9300EDEC49 /* Manager.swift in Sources */,
			);
			runOnlyForDeploymentPostprocessing = 0;
		};
/* End PBXSourcesBuildPhase section */

/* Begin PBXVariantGroup section */
		E408FE392B9BA3900087EDBA /* Main.storyboard */ = {
			isa = PBXVariantGroup;
			children = (
				E408FE3A2B9BA3900087EDBA /* Base */,
			);
			name = Main.storyboard;
			sourceTree = "<group>";
		};
		E408FE3E2B9BA3910087EDBA /* LaunchScreen.storyboard */ = {
			isa = PBXVariantGroup;
			children = (
				E408FE3F2B9BA3910087EDBA /* Base */,
			);
			name = LaunchScreen.storyboard;
			sourceTree = "<group>";
		};
/* End PBXVariantGroup section */

/* Begin XCBuildConfiguration section */
		E408FE422B9BA3910087EDBA /* Debug */ = {
			isa = XCBuildConfiguration;
			buildSettings = {
				ALWAYS_SEARCH_USER_PATHS = NO;
				ASSETCATALOG_COMPILER_GENERATE_SWIFT_ASSET_SYMBOL_EXTENSIONS = YES;
				CLANG_ANALYZER_NONNULL = YES;
				CLANG_ANALYZER_NUMBER_OBJECT_CONVERSION = YES_AGGRESSIVE;
				CLANG_CXX_LANGUAGE_STANDARD = "gnu++20";
				CLANG_ENABLE_MODULES = YES;
				CLANG_ENABLE_OBJC_ARC = YES;
				CLANG_ENABLE_OBJC_WEAK = YES;
				CLANG_WARN_BLOCK_CAPTURE_AUTORELEASING = YES;
				CLANG_WARN_BOOL_CONVERSION = YES;
				CLANG_WARN_COMMA = YES;
				CLANG_WARN_CONSTANT_CONVERSION = YES;
				CLANG_WARN_DEPRECATED_OBJC_IMPLEMENTATIONS = YES;
				CLANG_WARN_DIRECT_OBJC_ISA_USAGE = YES_ERROR;
				CLANG_WARN_DOCUMENTATION_COMMENTS = YES;
				CLANG_WARN_EMPTY_BODY = YES;
				CLANG_WARN_ENUM_CONVERSION = YES;
				CLANG_WARN_INFINITE_RECURSION = YES;
				CLANG_WARN_INT_CONVERSION = YES;
				CLANG_WARN_NON_LITERAL_NULL_CONVERSION = YES;
				CLANG_WARN_OBJC_IMPLICIT_RETAIN_SELF = YES;
				CLANG_WARN_OBJC_LITERAL_CONVERSION = YES;
				CLANG_WARN_OBJC_ROOT_CLASS = YES_ERROR;
				CLANG_WARN_QUOTED_INCLUDE_IN_FRAMEWORK_HEADER = YES;
				CLANG_WARN_RANGE_LOOP_ANALYSIS = YES;
				CLANG_WARN_STRICT_PROTOTYPES = YES;
				CLANG_WARN_SUSPICIOUS_MOVE = YES;
				CLANG_WARN_UNGUARDED_AVAILABILITY = YES_AGGRESSIVE;
				CLANG_WARN_UNREACHABLE_CODE = YES;
				CLANG_WARN__DUPLICATE_METHOD_MATCH = YES;
				COPY_PHASE_STRIP = NO;
				DEBUG_INFORMATION_FORMAT = dwarf;
				ENABLE_STRICT_OBJC_MSGSEND = YES;
				ENABLE_TESTABILITY = YES;
				ENABLE_USER_SCRIPT_SANDBOXING = YES;
				GCC_C_LANGUAGE_STANDARD = gnu17;
				GCC_DYNAMIC_NO_PIC = NO;
				GCC_NO_COMMON_BLOCKS = YES;
				GCC_OPTIMIZATION_LEVEL = 0;
				GCC_PREPROCESSOR_DEFINITIONS = (
					"DEBUG=1",
					"$(inherited)",
				);
				GCC_WARN_64_TO_32_BIT_CONVERSION = YES;
				GCC_WARN_ABOUT_RETURN_TYPE = YES_ERROR;
				GCC_WARN_UNDECLARED_SELECTOR = YES;
				GCC_WARN_UNINITIALIZED_AUTOS = YES_AGGRESSIVE;
				GCC_WARN_UNUSED_FUNCTION = YES;
				GCC_WARN_UNUSED_VARIABLE = YES;
				IPHONEOS_DEPLOYMENT_TARGET = 17.4;
				LOCALIZATION_PREFERS_STRING_CATALOGS = YES;
				MTL_ENABLE_DEBUG_INFO = INCLUDE_SOURCE;
				MTL_FAST_MATH = YES;
				ONLY_ACTIVE_ARCH = YES;
				SDKROOT = iphoneos;
				SWIFT_ACTIVE_COMPILATION_CONDITIONS = "DEBUG $(inherited)";
				SWIFT_OPTIMIZATION_LEVEL = "-Onone";
			};
			name = Debug;
		};
		E408FE432B9BA3910087EDBA /* Release */ = {
			isa = XCBuildConfiguration;
			buildSettings = {
				ALWAYS_SEARCH_USER_PATHS = NO;
				ASSETCATALOG_COMPILER_GENERATE_SWIFT_ASSET_SYMBOL_EXTENSIONS = YES;
				CLANG_ANALYZER_NONNULL = YES;
				CLANG_ANALYZER_NUMBER_OBJECT_CONVERSION = YES_AGGRESSIVE;
				CLANG_CXX_LANGUAGE_STANDARD = "gnu++20";
				CLANG_ENABLE_MODULES = YES;
				CLANG_ENABLE_OBJC_ARC = YES;
				CLANG_ENABLE_OBJC_WEAK = YES;
				CLANG_WARN_BLOCK_CAPTURE_AUTORELEASING = YES;
				CLANG_WARN_BOOL_CONVERSION = YES;
				CLANG_WARN_COMMA = YES;
				CLANG_WARN_CONSTANT_CONVERSION = YES;
				CLANG_WARN_DEPRECATED_OBJC_IMPLEMENTATIONS = YES;
				CLANG_WARN_DIRECT_OBJC_ISA_USAGE = YES_ERROR;
				CLANG_WARN_DOCUMENTATION_COMMENTS = YES;
				CLANG_WARN_EMPTY_BODY = YES;
				CLANG_WARN_ENUM_CONVERSION = YES;
				CLANG_WARN_INFINITE_RECURSION = YES;
				CLANG_WARN_INT_CONVERSION = YES;
				CLANG_WARN_NON_LITERAL_NULL_CONVERSION = YES;
				CLANG_WARN_OBJC_IMPLICIT_RETAIN_SELF = YES;
				CLANG_WARN_OBJC_LITERAL_CONVERSION = YES;
				CLANG_WARN_OBJC_ROOT_CLASS = YES_ERROR;
				CLANG_WARN_QUOTED_INCLUDE_IN_FRAMEWORK_HEADER = YES;
				CLANG_WARN_RANGE_LOOP_ANALYSIS = YES;
				CLANG_WARN_STRICT_PROTOTYPES = YES;
				CLANG_WARN_SUSPICIOUS_MOVE = YES;
				CLANG_WARN_UNGUARDED_AVAILABILITY = YES_AGGRESSIVE;
				CLANG_WARN_UNREACHABLE_CODE = YES;
				CLANG_WARN__DUPLICATE_METHOD_MATCH = YES;
				COPY_PHASE_STRIP = NO;
				DEBUG_INFORMATION_FORMAT = "dwarf-with-dsym";
				ENABLE_NS_ASSERTIONS = NO;
				ENABLE_STRICT_OBJC_MSGSEND = YES;
				ENABLE_USER_SCRIPT_SANDBOXING = YES;
				GCC_C_LANGUAGE_STANDARD = gnu17;
				GCC_NO_COMMON_BLOCKS = YES;
				GCC_WARN_64_TO_32_BIT_CONVERSION = YES;
				GCC_WARN_ABOUT_RETURN_TYPE = YES_ERROR;
				GCC_WARN_UNDECLARED_SELECTOR = YES;
				GCC_WARN_UNINITIALIZED_AUTOS = YES_AGGRESSIVE;
				GCC_WARN_UNUSED_FUNCTION = YES;
				GCC_WARN_UNUSED_VARIABLE = YES;
				IPHONEOS_DEPLOYMENT_TARGET = 17.4;
				LOCALIZATION_PREFERS_STRING_CATALOGS = YES;
				MTL_ENABLE_DEBUG_INFO = NO;
				MTL_FAST_MATH = YES;
				SDKROOT = iphoneos;
				SWIFT_COMPILATION_MODE = wholemodule;
				VALIDATE_PRODUCT = YES;
			};
			name = Release;
		};
		E408FE452B9BA3910087EDBA /* Debug */ = {
			isa = XCBuildConfiguration;
			buildSettings = {
				ASSETCATALOG_COMPILER_APPICON_NAME = AppIcon;
				ASSETCATALOG_COMPILER_GLOBAL_ACCENT_COLOR_NAME = AccentColor;
				CODE_SIGN_STYLE = Automatic;
				CURRENT_PROJECT_VERSION = 1;
				DEVELOPMENT_TEAM = 748RM22H5Z;
				GENERATE_INFOPLIST_FILE = YES;
				INFOPLIST_FILE = "Network-Request/Info.plist";
				INFOPLIST_KEY_UIApplicationSupportsIndirectInputEvents = YES;
				INFOPLIST_KEY_UILaunchStoryboardName = LaunchScreen;
				INFOPLIST_KEY_UIMainStoryboardFile = Main;
				INFOPLIST_KEY_UISupportedInterfaceOrientations_iPad = "UIInterfaceOrientationPortrait UIInterfaceOrientationPortraitUpsideDown UIInterfaceOrientationLandscapeLeft UIInterfaceOrientationLandscapeRight";
				INFOPLIST_KEY_UISupportedInterfaceOrientations_iPhone = "UIInterfaceOrientationPortrait UIInterfaceOrientationLandscapeLeft UIInterfaceOrientationLandscapeRight";
				LD_RUNPATH_SEARCH_PATHS = (
					"$(inherited)",
					"@executable_path/Frameworks",
				);
				MARKETING_VERSION = 1.0;
				PRODUCT_BUNDLE_IDENTIFIER = "EliId.Network-Request";
				PRODUCT_NAME = "$(TARGET_NAME)";
				SWIFT_EMIT_LOC_STRINGS = YES;
				SWIFT_VERSION = 5.0;
				TARGETED_DEVICE_FAMILY = "1,2";
			};
			name = Debug;
		};
		E408FE462B9BA3910087EDBA /* Release */ = {
			isa = XCBuildConfiguration;
			buildSettings = {
				ASSETCATALOG_COMPILER_APPICON_NAME = AppIcon;
				ASSETCATALOG_COMPILER_GLOBAL_ACCENT_COLOR_NAME = AccentColor;
				CODE_SIGN_STYLE = Automatic;
				CURRENT_PROJECT_VERSION = 1;
				DEVELOPMENT_TEAM = 748RM22H5Z;
				GENERATE_INFOPLIST_FILE = YES;
				INFOPLIST_FILE = "Network-Request/Info.plist";
				INFOPLIST_KEY_UIApplicationSupportsIndirectInputEvents = YES;
				INFOPLIST_KEY_UILaunchStoryboardName = LaunchScreen;
				INFOPLIST_KEY_UIMainStoryboardFile = Main;
				INFOPLIST_KEY_UISupportedInterfaceOrientations_iPad = "UIInterfaceOrientationPortrait UIInterfaceOrientationPortraitUpsideDown UIInterfaceOrientationLandscapeLeft UIInterfaceOrientationLandscapeRight";
				INFOPLIST_KEY_UISupportedInterfaceOrientations_iPhone = "UIInterfaceOrientationPortrait UIInterfaceOrientationLandscapeLeft UIInterfaceOrientationLandscapeRight";
				LD_RUNPATH_SEARCH_PATHS = (
					"$(inherited)",
					"@executable_path/Frameworks",
				);
				MARKETING_VERSION = 1.0;
				PRODUCT_BUNDLE_IDENTIFIER = "EliId.Network-Request";
				PRODUCT_NAME = "$(TARGET_NAME)";
				SWIFT_EMIT_LOC_STRINGS = YES;
				SWIFT_VERSION = 5.0;
				TARGETED_DEVICE_FAMILY = "1,2";
			};
			name = Release;
		};
/* End XCBuildConfiguration section */

/* Begin XCConfigurationList section */
		E408FE2B2B9BA3900087EDBA /* Build configuration list for PBXProject "Network-Request" */ = {
			isa = XCConfigurationList;
			buildConfigurations = (
				E408FE422B9BA3910087EDBA /* Debug */,
				E408FE432B9BA3910087EDBA /* Release */,
			);
			defaultConfigurationIsVisible = 0;
			defaultConfigurationName = Release;
		};
		E408FE442B9BA3910087EDBA /* Build configuration list for PBXNativeTarget "Network-Request" */ = {
			isa = XCConfigurationList;
			buildConfigurations = (
				E408FE452B9BA3910087EDBA /* Debug */,
				E408FE462B9BA3910087EDBA /* Release */,
			);
			defaultConfigurationIsVisible = 0;
			defaultConfigurationName = Release;
		};
/* End XCConfigurationList section */
	};
	rootObject = E408FE282B9BA3900087EDBA /* Project object */;
}
